// !$*UTF8*$!
{
	archiveVersion = 1;
	classes = {
	};
	objectVersion = 50;
	objects = {

/* Begin PBXBuildFile section */
		2F48E8411A90B5169D1A2DE5 /* Pods_Xkcd.framework in Frameworks */ = {isa = PBXBuildFile; fileRef = D2C9454429917C96F7130CAB /* Pods_Xkcd.framework */; };
		64A606B6C92CC388DF440CC9 /* Pods_XkcdUITests.framework in Frameworks */ = {isa = PBXBuildFile; fileRef = 248054940014642F4A7D0BB1 /* Pods_XkcdUITests.framework */; };
		D218218A219B67E900B2EB89 /* XkcdTests.swift in Sources */ = {isa = PBXBuildFile; fileRef = D2182189219B67E900B2EB89 /* XkcdTests.swift */; };
		D2182195219B67E900B2EB89 /* XkcdUITests.swift in Sources */ = {isa = PBXBuildFile; fileRef = D2182194219B67E900B2EB89 /* XkcdUITests.swift */; };
		D21821AB219B687E00B2EB89 /* LaunchScreen.storyboard in Resources */ = {isa = PBXBuildFile; fileRef = D21821A5219B687E00B2EB89 /* LaunchScreen.storyboard */; };
		D21821AD219B687E00B2EB89 /* Assets.xcassets in Resources */ = {isa = PBXBuildFile; fileRef = D21821A9219B687E00B2EB89 /* Assets.xcassets */; };
		D21821B1219B688F00B2EB89 /* AppDelegate.swift in Sources */ = {isa = PBXBuildFile; fileRef = D21821AF219B688F00B2EB89 /* AppDelegate.swift */; };
		D21821B2219B688F00B2EB89 /* ViewController.swift in Sources */ = {isa = PBXBuildFile; fileRef = D21821B0219B688F00B2EB89 /* ViewController.swift */; };
		D21821BC219B6A8500B2EB89 /* AppFlowController.swift in Sources */ = {isa = PBXBuildFile; fileRef = D21821BB219B6A8500B2EB89 /* AppFlowController.swift */; };
		D21821BE219B6A9400B2EB89 /* MainController.swift in Sources */ = {isa = PBXBuildFile; fileRef = D21821BD219B6A9400B2EB89 /* MainController.swift */; };
		D21821C0219B6AA500B2EB89 /* DetailController.swift in Sources */ = {isa = PBXBuildFile; fileRef = D21821BF219B6AA500B2EB89 /* DetailController.swift */; };
		D21821C2219B6AAC00B2EB89 /* ListController.swift in Sources */ = {isa = PBXBuildFile; fileRef = D21821C1219B6AAC00B2EB89 /* ListController.swift */; };
		D21821C5219B6ACD00B2EB89 /* ViewController+Extensions.swift in Sources */ = {isa = PBXBuildFile; fileRef = D21821C4219B6ACD00B2EB89 /* ViewController+Extensions.swift */; };
		D21821CA219B6F0000B2EB89 /* Podfile in Resources */ = {isa = PBXBuildFile; fileRef = D21821C9219B6F0000B2EB89 /* Podfile */; };
		D21821CE219B705400B2EB89 /* R.generated.swift in Sources */ = {isa = PBXBuildFile; fileRef = D21821CD219B705400B2EB89 /* R.generated.swift */; };
		D21821D1219B729200B2EB89 /* ComicsContoller.swift in Sources */ = {isa = PBXBuildFile; fileRef = D21821D0219B729200B2EB89 /* ComicsContoller.swift */; };
		D21821D4219B72E000B2EB89 /* FavoriteController.swift in Sources */ = {isa = PBXBuildFile; fileRef = D21821D3219B72E000B2EB89 /* FavoriteController.swift */; };
		D21821D6219B73BD00B2EB89 /* Localizable.strings in Resources */ = {isa = PBXBuildFile; fileRef = D21821D5219B73BD00B2EB89 /* Localizable.strings */; };
		D21821D8219B75C600B2EB89 /* CollectionView+Extensions.swift in Sources */ = {isa = PBXBuildFile; fileRef = D21821D7219B75C600B2EB89 /* CollectionView+Extensions.swift */; };
		D21821DB219B75F700B2EB89 /* Adapter.swift in Sources */ = {isa = PBXBuildFile; fileRef = D21821DA219B75F700B2EB89 /* Adapter.swift */; };
		D21821DD219B79CD00B2EB89 /* ComicCell.swift in Sources */ = {isa = PBXBuildFile; fileRef = D21821DC219B79CD00B2EB89 /* ComicCell.swift */; };
		D21821E2219B7A3000B2EB89 /* ComicService.swift in Sources */ = {isa = PBXBuildFile; fileRef = D21821E1219B7A3000B2EB89 /* ComicService.swift */; };
		D21821E5219B7AA600B2EB89 /* Resource.swift in Sources */ = {isa = PBXBuildFile; fileRef = D21821E4219B7AA600B2EB89 /* Resource.swift */; };
		D21821E7219B7AAD00B2EB89 /* Networking.swift in Sources */ = {isa = PBXBuildFile; fileRef = D21821E6219B7AAD00B2EB89 /* Networking.swift */; };
		D21821E9219B7C4900B2EB89 /* NetworkService.swift in Sources */ = {isa = PBXBuildFile; fileRef = D21821E8219B7C4900B2EB89 /* NetworkService.swift */; };
		D21821EC219B7CD500B2EB89 /* Comic.swift in Sources */ = {isa = PBXBuildFile; fileRef = D21821EB219B7CD500B2EB89 /* Comic.swift */; };
		D21821EE219B7EAC00B2EB89 /* Data+Extensions.swift in Sources */ = {isa = PBXBuildFile; fileRef = D21821ED219B7EAC00B2EB89 /* Data+Extensions.swift */; };
		D21821F3219B826200B2EB89 /* NetworkServiceMock.swift in Sources */ = {isa = PBXBuildFile; fileRef = D21821F1219B81BC00B2EB89 /* NetworkServiceMock.swift */; };
		D21821FB219B83B800B2EB89 /* ComicServiceTests.swift in Sources */ = {isa = PBXBuildFile; fileRef = D21821F9219B83B300B2EB89 /* ComicServiceTests.swift */; };
		D21821FC219B846200B2EB89 /* comic614.json in Resources */ = {isa = PBXBuildFile; fileRef = D21821F6219B831800B2EB89 /* comic614.json */; };
		D21821FD219B846400B2EB89 /* currentComic.json in Resources */ = {isa = PBXBuildFile; fileRef = D21821F4219B830200B2EB89 /* currentComic.json */; };
		D2182201219B892400B2EB89 /* Debouncer.swift in Sources */ = {isa = PBXBuildFile; fileRef = D21821FF219B891B00B2EB89 /* Debouncer.swift */; };
		D2182204219B894D00B2EB89 /* DebouncerTests.swift in Sources */ = {isa = PBXBuildFile; fileRef = D2182203219B894D00B2EB89 /* DebouncerTests.swift */; };
		D236FC80219CC7A7007436F3 /* Either.swift in Sources */ = {isa = PBXBuildFile; fileRef = D236FC7F219CC7A7007436F3 /* Either.swift */; };
		D236FC82219CCC94007436F3 /* Object+Then.swift in Sources */ = {isa = PBXBuildFile; fileRef = D236FC81219CCC94007436F3 /* Object+Then.swift */; };
		D236FC84219CD1D2007436F3 /* View+Extensions.swift in Sources */ = {isa = PBXBuildFile; fileRef = D236FC83219CD1D2007436F3 /* View+Extensions.swift */; };
		D236FC86219CD90B007436F3 /* CacheService.swift in Sources */ = {isa = PBXBuildFile; fileRef = D236FC85219CD90B007436F3 /* CacheService.swift */; };
		D236FC88219CD99A007436F3 /* CacheServiceTests.swift in Sources */ = {isa = PBXBuildFile; fileRef = D236FC87219CD99A007436F3 /* CacheServiceTests.swift */; };
		D236FC8E219CDB9D007436F3 /* ImageView+Extensions.swift in Sources */ = {isa = PBXBuildFile; fileRef = D236FC8B219CDACD007436F3 /* ImageView+Extensions.swift */; };
		D236FC8F219CDBB2007436F3 /* ImageService.swift in Sources */ = {isa = PBXBuildFile; fileRef = D236FC89219CD9CA007436F3 /* ImageService.swift */; };
		EDBE4C33DF9B4AEF55FFCECB /* Pods_XkcdTests.framework in Frameworks */ = {isa = PBXBuildFile; fileRef = 7F7AF981B61471A32FB620C7 /* Pods_XkcdTests.framework */; };
/* End PBXBuildFile section */

/* Begin PBXContainerItemProxy section */
		D2182186219B67E900B2EB89 /* PBXContainerItemProxy */ = {
			isa = PBXContainerItemProxy;
			containerPortal = D2182169219B67E700B2EB89 /* Project object */;
			proxyType = 1;
			remoteGlobalIDString = D2182170219B67E700B2EB89;
			remoteInfo = Xkcd;
		};
		D2182191219B67E900B2EB89 /* PBXContainerItemProxy */ = {
			isa = PBXContainerItemProxy;
			containerPortal = D2182169219B67E700B2EB89 /* Project object */;
			proxyType = 1;
			remoteGlobalIDString = D2182170219B67E700B2EB89;
			remoteInfo = Xkcd;
		};
/* End PBXContainerItemProxy section */

/* Begin PBXFileReference section */
		02F46732C4F2E5A9C0C4FC49 /* Pods-XkcdUITests.debug.xcconfig */ = {isa = PBXFileReference; includeInIndex = 1; lastKnownFileType = text.xcconfig; name = "Pods-XkcdUITests.debug.xcconfig"; path = "Target Support Files/Pods-XkcdUITests/Pods-XkcdUITests.debug.xcconfig"; sourceTree = "<group>"; };
		1724B3DD9F4C212CA6C9EDD2 /* Pods-XkcdTests.release.xcconfig */ = {isa = PBXFileReference; includeInIndex = 1; lastKnownFileType = text.xcconfig; name = "Pods-XkcdTests.release.xcconfig"; path = "Target Support Files/Pods-XkcdTests/Pods-XkcdTests.release.xcconfig"; sourceTree = "<group>"; };
		248054940014642F4A7D0BB1 /* Pods_XkcdUITests.framework */ = {isa = PBXFileReference; explicitFileType = wrapper.framework; includeInIndex = 0; path = Pods_XkcdUITests.framework; sourceTree = BUILT_PRODUCTS_DIR; };
		7F7AF981B61471A32FB620C7 /* Pods_XkcdTests.framework */ = {isa = PBXFileReference; explicitFileType = wrapper.framework; includeInIndex = 0; path = Pods_XkcdTests.framework; sourceTree = BUILT_PRODUCTS_DIR; };
		B1E5E4A27B21808D7A099C49 /* Pods-XkcdUITests.release.xcconfig */ = {isa = PBXFileReference; includeInIndex = 1; lastKnownFileType = text.xcconfig; name = "Pods-XkcdUITests.release.xcconfig"; path = "Target Support Files/Pods-XkcdUITests/Pods-XkcdUITests.release.xcconfig"; sourceTree = "<group>"; };
		CE04CBD31F72FD3F19288022 /* Pods-Xkcd.debug.xcconfig */ = {isa = PBXFileReference; includeInIndex = 1; lastKnownFileType = text.xcconfig; name = "Pods-Xkcd.debug.xcconfig"; path = "Target Support Files/Pods-Xkcd/Pods-Xkcd.debug.xcconfig"; sourceTree = "<group>"; };
		D2182171219B67E700B2EB89 /* Xkcd.app */ = {isa = PBXFileReference; explicitFileType = wrapper.application; includeInIndex = 0; path = Xkcd.app; sourceTree = BUILT_PRODUCTS_DIR; };
		D2182185219B67E900B2EB89 /* XkcdTests.xctest */ = {isa = PBXFileReference; explicitFileType = wrapper.cfbundle; includeInIndex = 0; path = XkcdTests.xctest; sourceTree = BUILT_PRODUCTS_DIR; };
		D2182189219B67E900B2EB89 /* XkcdTests.swift */ = {isa = PBXFileReference; lastKnownFileType = sourcecode.swift; path = XkcdTests.swift; sourceTree = "<group>"; };
		D218218B219B67E900B2EB89 /* Info.plist */ = {isa = PBXFileReference; lastKnownFileType = text.plist.xml; path = Info.plist; sourceTree = "<group>"; };
		D2182190219B67E900B2EB89 /* XkcdUITests.xctest */ = {isa = PBXFileReference; explicitFileType = wrapper.cfbundle; includeInIndex = 0; path = XkcdUITests.xctest; sourceTree = BUILT_PRODUCTS_DIR; };
		D2182194219B67E900B2EB89 /* XkcdUITests.swift */ = {isa = PBXFileReference; lastKnownFileType = sourcecode.swift; path = XkcdUITests.swift; sourceTree = "<group>"; };
		D2182196219B67E900B2EB89 /* Info.plist */ = {isa = PBXFileReference; lastKnownFileType = text.plist.xml; path = Info.plist; sourceTree = "<group>"; };
		D21821A6219B687E00B2EB89 /* Base */ = {isa = PBXFileReference; lastKnownFileType = file.storyboard; name = Base; path = LaunchScreen.storyboard; sourceTree = "<group>"; };
		D21821A9219B687E00B2EB89 /* Assets.xcassets */ = {isa = PBXFileReference; lastKnownFileType = folder.assetcatalog; path = Assets.xcassets; sourceTree = "<group>"; };
		D21821AA219B687E00B2EB89 /* Info.plist */ = {isa = PBXFileReference; fileEncoding = 4; lastKnownFileType = text.plist.xml; path = Info.plist; sourceTree = "<group>"; };
		D21821AF219B688F00B2EB89 /* AppDelegate.swift */ = {isa = PBXFileReference; fileEncoding = 4; lastKnownFileType = sourcecode.swift; path = AppDelegate.swift; sourceTree = "<group>"; };
		D21821B0219B688F00B2EB89 /* ViewController.swift */ = {isa = PBXFileReference; fileEncoding = 4; lastKnownFileType = sourcecode.swift; path = ViewController.swift; sourceTree = "<group>"; };
		D21821BB219B6A8500B2EB89 /* AppFlowController.swift */ = {isa = PBXFileReference; lastKnownFileType = sourcecode.swift; path = AppFlowController.swift; sourceTree = "<group>"; };
		D21821BD219B6A9400B2EB89 /* MainController.swift */ = {isa = PBXFileReference; lastKnownFileType = sourcecode.swift; path = MainController.swift; sourceTree = "<group>"; };
		D21821BF219B6AA500B2EB89 /* DetailController.swift */ = {isa = PBXFileReference; lastKnownFileType = sourcecode.swift; path = DetailController.swift; sourceTree = "<group>"; };
		D21821C1219B6AAC00B2EB89 /* ListController.swift */ = {isa = PBXFileReference; lastKnownFileType = sourcecode.swift; path = ListController.swift; sourceTree = "<group>"; };
		D21821C4219B6ACD00B2EB89 /* ViewController+Extensions.swift */ = {isa = PBXFileReference; lastKnownFileType = sourcecode.swift; path = "ViewController+Extensions.swift"; sourceTree = "<group>"; };
		D21821C9219B6F0000B2EB89 /* Podfile */ = {isa = PBXFileReference; fileEncoding = 4; lastKnownFileType = text; path = Podfile; sourceTree = "<group>"; };
		D21821CD219B705400B2EB89 /* R.generated.swift */ = {isa = PBXFileReference; fileEncoding = 4; lastKnownFileType = sourcecode.swift; path = R.generated.swift; sourceTree = "<group>"; };
		D21821D0219B729200B2EB89 /* ComicsContoller.swift */ = {isa = PBXFileReference; lastKnownFileType = sourcecode.swift; path = ComicsContoller.swift; sourceTree = "<group>"; };
		D21821D3219B72E000B2EB89 /* FavoriteController.swift */ = {isa = PBXFileReference; lastKnownFileType = sourcecode.swift; path = FavoriteController.swift; sourceTree = "<group>"; };
		D21821D5219B73BD00B2EB89 /* Localizable.strings */ = {isa = PBXFileReference; lastKnownFileType = text.plist.strings; path = Localizable.strings; sourceTree = "<group>"; };
		D21821D7219B75C600B2EB89 /* CollectionView+Extensions.swift */ = {isa = PBXFileReference; lastKnownFileType = sourcecode.swift; path = "CollectionView+Extensions.swift"; sourceTree = "<group>"; };
		D21821DA219B75F700B2EB89 /* Adapter.swift */ = {isa = PBXFileReference; lastKnownFileType = sourcecode.swift; path = Adapter.swift; sourceTree = "<group>"; };
		D21821DC219B79CD00B2EB89 /* ComicCell.swift */ = {isa = PBXFileReference; lastKnownFileType = sourcecode.swift; path = ComicCell.swift; sourceTree = "<group>"; };
		D21821E1219B7A3000B2EB89 /* ComicService.swift */ = {isa = PBXFileReference; lastKnownFileType = sourcecode.swift; path = ComicService.swift; sourceTree = "<group>"; };
		D21821E4219B7AA600B2EB89 /* Resource.swift */ = {isa = PBXFileReference; lastKnownFileType = sourcecode.swift; path = Resource.swift; sourceTree = "<group>"; };
		D21821E6219B7AAD00B2EB89 /* Networking.swift */ = {isa = PBXFileReference; lastKnownFileType = sourcecode.swift; path = Networking.swift; sourceTree = "<group>"; };
		D21821E8219B7C4900B2EB89 /* NetworkService.swift */ = {isa = PBXFileReference; lastKnownFileType = sourcecode.swift; path = NetworkService.swift; sourceTree = "<group>"; };
		D21821EB219B7CD500B2EB89 /* Comic.swift */ = {isa = PBXFileReference; lastKnownFileType = sourcecode.swift; path = Comic.swift; sourceTree = "<group>"; };
		D21821ED219B7EAC00B2EB89 /* Data+Extensions.swift */ = {isa = PBXFileReference; lastKnownFileType = sourcecode.swift; path = "Data+Extensions.swift"; sourceTree = "<group>"; };
		D21821F1219B81BC00B2EB89 /* NetworkServiceMock.swift */ = {isa = PBXFileReference; lastKnownFileType = sourcecode.swift; path = NetworkServiceMock.swift; sourceTree = "<group>"; };
		D21821F4219B830200B2EB89 /* currentComic.json */ = {isa = PBXFileReference; lastKnownFileType = text.json; path = currentComic.json; sourceTree = "<group>"; };
		D21821F6219B831800B2EB89 /* comic614.json */ = {isa = PBXFileReference; lastKnownFileType = text.json; path = comic614.json; sourceTree = "<group>"; };
		D21821F9219B83B300B2EB89 /* ComicServiceTests.swift */ = {isa = PBXFileReference; lastKnownFileType = sourcecode.swift; path = ComicServiceTests.swift; sourceTree = "<group>"; };
		D21821FF219B891B00B2EB89 /* Debouncer.swift */ = {isa = PBXFileReference; lastKnownFileType = sourcecode.swift; path = Debouncer.swift; sourceTree = "<group>"; };
		D2182203219B894D00B2EB89 /* DebouncerTests.swift */ = {isa = PBXFileReference; lastKnownFileType = sourcecode.swift; path = DebouncerTests.swift; sourceTree = "<group>"; };
		D236FC7F219CC7A7007436F3 /* Either.swift */ = {isa = PBXFileReference; lastKnownFileType = sourcecode.swift; path = Either.swift; sourceTree = "<group>"; };
		D236FC81219CCC94007436F3 /* Object+Then.swift */ = {isa = PBXFileReference; lastKnownFileType = sourcecode.swift; path = "Object+Then.swift"; sourceTree = "<group>"; };
		D236FC83219CD1D2007436F3 /* View+Extensions.swift */ = {isa = PBXFileReference; lastKnownFileType = sourcecode.swift; path = "View+Extensions.swift"; sourceTree = "<group>"; };
		D236FC85219CD90B007436F3 /* CacheService.swift */ = {isa = PBXFileReference; lastKnownFileType = sourcecode.swift; path = CacheService.swift; sourceTree = "<group>"; };
		D236FC87219CD99A007436F3 /* CacheServiceTests.swift */ = {isa = PBXFileReference; lastKnownFileType = sourcecode.swift; path = CacheServiceTests.swift; sourceTree = "<group>"; };
		D236FC89219CD9CA007436F3 /* ImageService.swift */ = {isa = PBXFileReference; lastKnownFileType = sourcecode.swift; path = ImageService.swift; sourceTree = "<group>"; };
		D236FC8B219CDACD007436F3 /* ImageView+Extensions.swift */ = {isa = PBXFileReference; lastKnownFileType = sourcecode.swift; path = "ImageView+Extensions.swift"; sourceTree = "<group>"; };
		D2C9454429917C96F7130CAB /* Pods_Xkcd.framework */ = {isa = PBXFileReference; explicitFileType = wrapper.framework; includeInIndex = 0; path = Pods_Xkcd.framework; sourceTree = BUILT_PRODUCTS_DIR; };
		F30EE5C70FF60D7BB2160C98 /* Pods-XkcdTests.debug.xcconfig */ = {isa = PBXFileReference; includeInIndex = 1; lastKnownFileType = text.xcconfig; name = "Pods-XkcdTests.debug.xcconfig"; path = "Target Support Files/Pods-XkcdTests/Pods-XkcdTests.debug.xcconfig"; sourceTree = "<group>"; };
		F54FFF8E7322330B7E6C7252 /* Pods-Xkcd.release.xcconfig */ = {isa = PBXFileReference; includeInIndex = 1; lastKnownFileType = text.xcconfig; name = "Pods-Xkcd.release.xcconfig"; path = "Target Support Files/Pods-Xkcd/Pods-Xkcd.release.xcconfig"; sourceTree = "<group>"; };
/* End PBXFileReference section */

/* Begin PBXFrameworksBuildPhase section */
		D218216E219B67E700B2EB89 /* Frameworks */ = {
			isa = PBXFrameworksBuildPhase;
			buildActionMask = 2147483647;
			files = (
				2F48E8411A90B5169D1A2DE5 /* Pods_Xkcd.framework in Frameworks */,
			);
			runOnlyForDeploymentPostprocessing = 0;
		};
		D2182182219B67E900B2EB89 /* Frameworks */ = {
			isa = PBXFrameworksBuildPhase;
			buildActionMask = 2147483647;
			files = (
				EDBE4C33DF9B4AEF55FFCECB /* Pods_XkcdTests.framework in Frameworks */,
			);
			runOnlyForDeploymentPostprocessing = 0;
		};
		D218218D219B67E900B2EB89 /* Frameworks */ = {
			isa = PBXFrameworksBuildPhase;
			buildActionMask = 2147483647;
			files = (
				64A606B6C92CC388DF440CC9 /* Pods_XkcdUITests.framework in Frameworks */,
			);
			runOnlyForDeploymentPostprocessing = 0;
		};
/* End PBXFrameworksBuildPhase section */

/* Begin PBXGroup section */
		3FB689065A8F0A0BB37D30A9 /* Pods */ = {
			isa = PBXGroup;
			children = (
				CE04CBD31F72FD3F19288022 /* Pods-Xkcd.debug.xcconfig */,
				F54FFF8E7322330B7E6C7252 /* Pods-Xkcd.release.xcconfig */,
				F30EE5C70FF60D7BB2160C98 /* Pods-XkcdTests.debug.xcconfig */,
				1724B3DD9F4C212CA6C9EDD2 /* Pods-XkcdTests.release.xcconfig */,
				02F46732C4F2E5A9C0C4FC49 /* Pods-XkcdUITests.debug.xcconfig */,
				B1E5E4A27B21808D7A099C49 /* Pods-XkcdUITests.release.xcconfig */,
			);
			path = Pods;
			sourceTree = "<group>";
		};
		60449B6C9D26F7F8908B3A5B /* Frameworks */ = {
			isa = PBXGroup;
			children = (
				D2C9454429917C96F7130CAB /* Pods_Xkcd.framework */,
				7F7AF981B61471A32FB620C7 /* Pods_XkcdTests.framework */,
				248054940014642F4A7D0BB1 /* Pods_XkcdUITests.framework */,
			);
			name = Frameworks;
			sourceTree = "<group>";
		};
		D2182168219B67E700B2EB89 = {
			isa = PBXGroup;
			children = (
				D21821C9219B6F0000B2EB89 /* Podfile */,
				D21821A3219B684600B2EB89 /* Resource */,
				D21821A2219B684000B2EB89 /* Source */,
				D2182188219B67E900B2EB89 /* XkcdTests */,
				D2182193219B67E900B2EB89 /* XkcdUITests */,
				D2182172219B67E700B2EB89 /* Products */,
				3FB689065A8F0A0BB37D30A9 /* Pods */,
				60449B6C9D26F7F8908B3A5B /* Frameworks */,
			);
			sourceTree = "<group>";
		};
		D2182172219B67E700B2EB89 /* Products */ = {
			isa = PBXGroup;
			children = (
				D2182171219B67E700B2EB89 /* Xkcd.app */,
				D2182185219B67E900B2EB89 /* XkcdTests.xctest */,
				D2182190219B67E900B2EB89 /* XkcdUITests.xctest */,
			);
			name = Products;
			sourceTree = "<group>";
		};
		D2182188219B67E900B2EB89 /* XkcdTests */ = {
			isa = PBXGroup;
			children = (
				D2182189219B67E900B2EB89 /* XkcdTests.swift */,
				D218218B219B67E900B2EB89 /* Info.plist */,
			);
			path = XkcdTests;
			sourceTree = "<group>";
		};
		D2182193219B67E900B2EB89 /* XkcdUITests */ = {
			isa = PBXGroup;
			children = (
				D2182202219B893E00B2EB89 /* Utils */,
				D21821F8219B839F00B2EB89 /* Services */,
				D21821F0219B815700B2EB89 /* Mock */,
				D21821EF219B813000B2EB89 /* Fixture */,
				D2182194219B67E900B2EB89 /* XkcdUITests.swift */,
				D2182196219B67E900B2EB89 /* Info.plist */,
			);
			path = XkcdUITests;
			sourceTree = "<group>";
		};
		D21821A2219B684000B2EB89 /* Source */ = {
			isa = PBXGroup;
			children = (
				D21821B4219B690F00B2EB89 /* Library */,
				D21821B3219B690700B2EB89 /* Feature */,
				D21821AF219B688F00B2EB89 /* AppDelegate.swift */,
				D21821B0219B688F00B2EB89 /* ViewController.swift */,
			);
			path = Source;
			sourceTree = "<group>";
		};
		D21821A3219B684600B2EB89 /* Resource */ = {
			isa = PBXGroup;
			children = (
				D21821A9219B687E00B2EB89 /* Assets.xcassets */,
				D21821A4219B687E00B2EB89 /* Base.lproj */,
				D21821AA219B687E00B2EB89 /* Info.plist */,
				D21821D5219B73BD00B2EB89 /* Localizable.strings */,
			);
			path = Resource;
			sourceTree = "<group>";
		};
		D21821A4219B687E00B2EB89 /* Base.lproj */ = {
			isa = PBXGroup;
			children = (
				D21821A5219B687E00B2EB89 /* LaunchScreen.storyboard */,
			);
			path = Base.lproj;
			sourceTree = "<group>";
		};
		D21821B3219B690700B2EB89 /* Feature */ = {
			isa = PBXGroup;
			children = (
				D21821D2219B72D700B2EB89 /* Favorite */,
				D21821CF219B728500B2EB89 /* Comics */,
				D21821BA219B6A7D00B2EB89 /* App */,
				D21821B9219B6A0300B2EB89 /* Main */,
				D21821B8219B69FA00B2EB89 /* Detail */,
				D21821B7219B69F600B2EB89 /* List */,
			);
			path = Feature;
			sourceTree = "<group>";
		};
		D21821B4219B690F00B2EB89 /* Library */ = {
			isa = PBXGroup;
			children = (
				D21821FE219B890600B2EB89 /* Utilities */,
				D21821EA219B7CCB00B2EB89 /* Model */,
				D21821E3219B7A8A00B2EB89 /* Networking */,
				D21821E0219B7A2400B2EB89 /* Services */,
				D21821D9219B75ED00B2EB89 /* Adapter */,
				D21821CC219B6FFB00B2EB89 /* Constants */,
				D21821C3219B6ABF00B2EB89 /* Extensions */,
			);
			path = Library;
			sourceTree = "<group>";
		};
		D21821B7219B69F600B2EB89 /* List */ = {
			isa = PBXGroup;
			children = (
				D21821C1219B6AAC00B2EB89 /* ListController.swift */,
			);
			path = List;
			sourceTree = "<group>";
		};
		D21821B8219B69FA00B2EB89 /* Detail */ = {
			isa = PBXGroup;
			children = (
				D21821BF219B6AA500B2EB89 /* DetailController.swift */,
			);
			path = Detail;
			sourceTree = "<group>";
		};
		D21821B9219B6A0300B2EB89 /* Main */ = {
			isa = PBXGroup;
			children = (
				D21821BD219B6A9400B2EB89 /* MainController.swift */,
			);
			path = Main;
			sourceTree = "<group>";
		};
		D21821BA219B6A7D00B2EB89 /* App */ = {
			isa = PBXGroup;
			children = (
				D21821BB219B6A8500B2EB89 /* AppFlowController.swift */,
			);
			path = App;
			sourceTree = "<group>";
		};
		D21821C3219B6ABF00B2EB89 /* Extensions */ = {
			isa = PBXGroup;
			children = (
				D21821C4219B6ACD00B2EB89 /* ViewController+Extensions.swift */,
				D21821D7219B75C600B2EB89 /* CollectionView+Extensions.swift */,
				D21821ED219B7EAC00B2EB89 /* Data+Extensions.swift */,
				D236FC81219CCC94007436F3 /* Object+Then.swift */,
				D236FC83219CD1D2007436F3 /* View+Extensions.swift */,
				D236FC8B219CDACD007436F3 /* ImageView+Extensions.swift */,
			);
			path = Extensions;
			sourceTree = "<group>";
		};
		D21821CC219B6FFB00B2EB89 /* Constants */ = {
			isa = PBXGroup;
			children = (
				D21821CD219B705400B2EB89 /* R.generated.swift */,
			);
			path = Constants;
			sourceTree = "<group>";
		};
		D21821CF219B728500B2EB89 /* Comics */ = {
			isa = PBXGroup;
			children = (
				D21821D0219B729200B2EB89 /* ComicsContoller.swift */,
				D21821DC219B79CD00B2EB89 /* ComicCell.swift */,
			);
			path = Comics;
			sourceTree = "<group>";
		};
		D21821D2219B72D700B2EB89 /* Favorite */ = {
			isa = PBXGroup;
			children = (
				D21821D3219B72E000B2EB89 /* FavoriteController.swift */,
			);
			path = Favorite;
			sourceTree = "<group>";
		};
		D21821D9219B75ED00B2EB89 /* Adapter */ = {
			isa = PBXGroup;
			children = (
				D21821DA219B75F700B2EB89 /* Adapter.swift */,
			);
			path = Adapter;
			sourceTree = "<group>";
		};
		D21821E0219B7A2400B2EB89 /* Services */ = {
			isa = PBXGroup;
			children = (
				D21821E1219B7A3000B2EB89 /* ComicService.swift */,
				D21821E8219B7C4900B2EB89 /* NetworkService.swift */,
				D236FC85219CD90B007436F3 /* CacheService.swift */,
				D236FC89219CD9CA007436F3 /* ImageService.swift */,
			);
			path = Services;
			sourceTree = "<group>";
		};
		D21821E3219B7A8A00B2EB89 /* Networking */ = {
			isa = PBXGroup;
			children = (
				D21821E4219B7AA600B2EB89 /* Resource.swift */,
				D21821E6219B7AAD00B2EB89 /* Networking.swift */,
			);
			path = Networking;
			sourceTree = "<group>";
		};
		D21821EA219B7CCB00B2EB89 /* Model */ = {
			isa = PBXGroup;
			children = (
				D21821EB219B7CD500B2EB89 /* Comic.swift */,
				D236FC7F219CC7A7007436F3 /* Either.swift */,
			);
			path = Model;
			sourceTree = "<group>";
		};
		D21821EF219B813000B2EB89 /* Fixture */ = {
			isa = PBXGroup;
			children = (
				D21821F4219B830200B2EB89 /* currentComic.json */,
				D21821F6219B831800B2EB89 /* comic614.json */,
			);
			path = Fixture;
			sourceTree = "<group>";
		};
		D21821F0219B815700B2EB89 /* Mock */ = {
			isa = PBXGroup;
			children = (
				D21821F1219B81BC00B2EB89 /* NetworkServiceMock.swift */,
			);
			path = Mock;
			sourceTree = "<group>";
		};
		D21821F8219B839F00B2EB89 /* Services */ = {
			isa = PBXGroup;
			children = (
				D21821F9219B83B300B2EB89 /* ComicServiceTests.swift */,
				D236FC87219CD99A007436F3 /* CacheServiceTests.swift */,
			);
			path = Services;
			sourceTree = "<group>";
		};
		D21821FE219B890600B2EB89 /* Utilities */ = {
			isa = PBXGroup;
			children = (
				D21821FF219B891B00B2EB89 /* Debouncer.swift */,
			);
			path = Utilities;
			sourceTree = "<group>";
		};
		D2182202219B893E00B2EB89 /* Utils */ = {
			isa = PBXGroup;
			children = (
				D2182203219B894D00B2EB89 /* DebouncerTests.swift */,
			);
			path = Utils;
			sourceTree = "<group>";
		};
/* End PBXGroup section */

/* Begin PBXNativeTarget section */
		D2182170219B67E700B2EB89 /* Xkcd */ = {
			isa = PBXNativeTarget;
			buildConfigurationList = D2182199219B67E900B2EB89 /* Build configuration list for PBXNativeTarget "Xkcd" */;
			buildPhases = (
				5F9B1089F6AD2494EDFA81F4 /* [CP] Check Pods Manifest.lock */,
				D21821CB219B6FE600B2EB89 /* R.swift */,
				D218216D219B67E700B2EB89 /* Sources */,
				D218216E219B67E700B2EB89 /* Frameworks */,
				D218216F219B67E700B2EB89 /* Resources */,
				D21821C8219B6DF300B2EB89 /* SwiftLint */,
				24E9A6F8BCED638CBCC851D8 /* [CP] Embed Pods Frameworks */,
			);
			buildRules = (
			);
			dependencies = (
			);
			name = Xkcd;
			productName = Xkcd;
			productReference = D2182171219B67E700B2EB89 /* Xkcd.app */;
			productType = "com.apple.product-type.application";
		};
		D2182184219B67E900B2EB89 /* XkcdTests */ = {
			isa = PBXNativeTarget;
			buildConfigurationList = D218219C219B67E900B2EB89 /* Build configuration list for PBXNativeTarget "XkcdTests" */;
			buildPhases = (
				223D40E7FB7D3EA6CDEE69C8 /* [CP] Check Pods Manifest.lock */,
				D2182181219B67E900B2EB89 /* Sources */,
				D2182182219B67E900B2EB89 /* Frameworks */,
				D2182183219B67E900B2EB89 /* Resources */,
			);
			buildRules = (
			);
			dependencies = (
				D2182187219B67E900B2EB89 /* PBXTargetDependency */,
			);
			name = XkcdTests;
			productName = XkcdTests;
			productReference = D2182185219B67E900B2EB89 /* XkcdTests.xctest */;
			productType = "com.apple.product-type.bundle.unit-test";
		};
		D218218F219B67E900B2EB89 /* XkcdUITests */ = {
			isa = PBXNativeTarget;
			buildConfigurationList = D218219F219B67E900B2EB89 /* Build configuration list for PBXNativeTarget "XkcdUITests" */;
			buildPhases = (
				89D0000E2ECA533AC40FE198 /* [CP] Check Pods Manifest.lock */,
				D218218C219B67E900B2EB89 /* Sources */,
				D218218D219B67E900B2EB89 /* Frameworks */,
				D218218E219B67E900B2EB89 /* Resources */,
			);
			buildRules = (
			);
			dependencies = (
				D2182192219B67E900B2EB89 /* PBXTargetDependency */,
			);
			name = XkcdUITests;
			productName = XkcdUITests;
			productReference = D2182190219B67E900B2EB89 /* XkcdUITests.xctest */;
			productType = "com.apple.product-type.bundle.ui-testing";
		};
/* End PBXNativeTarget section */

/* Begin PBXProject section */
		D2182169219B67E700B2EB89 /* Project object */ = {
			isa = PBXProject;
			attributes = {
				LastSwiftUpdateCheck = 1000;
				LastUpgradeCheck = 1000;
				ORGANIZATIONNAME = onmyway133;
				TargetAttributes = {
					D2182170219B67E700B2EB89 = {
						CreatedOnToolsVersion = 10.0;
						LastSwiftMigration = 1000;
					};
					D2182184219B67E900B2EB89 = {
						CreatedOnToolsVersion = 10.0;
						TestTargetID = D2182170219B67E700B2EB89;
					};
					D218218F219B67E900B2EB89 = {
						CreatedOnToolsVersion = 10.0;
						TestTargetID = D2182170219B67E700B2EB89;
					};
				};
			};
			buildConfigurationList = D218216C219B67E700B2EB89 /* Build configuration list for PBXProject "Xkcd" */;
			compatibilityVersion = "Xcode 9.3";
			developmentRegion = en;
			hasScannedForEncodings = 0;
			knownRegions = (
				en,
				Base,
			);
			mainGroup = D2182168219B67E700B2EB89;
			productRefGroup = D2182172219B67E700B2EB89 /* Products */;
			projectDirPath = "";
			projectRoot = "";
			targets = (
				D2182170219B67E700B2EB89 /* Xkcd */,
				D2182184219B67E900B2EB89 /* XkcdTests */,
				D218218F219B67E900B2EB89 /* XkcdUITests */,
			);
		};
/* End PBXProject section */

/* Begin PBXResourcesBuildPhase section */
		D218216F219B67E700B2EB89 /* Resources */ = {
			isa = PBXResourcesBuildPhase;
			buildActionMask = 2147483647;
			files = (
				D21821CA219B6F0000B2EB89 /* Podfile in Resources */,
				D21821D6219B73BD00B2EB89 /* Localizable.strings in Resources */,
				D21821AB219B687E00B2EB89 /* LaunchScreen.storyboard in Resources */,
				D21821AD219B687E00B2EB89 /* Assets.xcassets in Resources */,
			);
			runOnlyForDeploymentPostprocessing = 0;
		};
		D2182183219B67E900B2EB89 /* Resources */ = {
			isa = PBXResourcesBuildPhase;
			buildActionMask = 2147483647;
			files = (
				D21821FC219B846200B2EB89 /* comic614.json in Resources */,
				D21821FD219B846400B2EB89 /* currentComic.json in Resources */,
			);
			runOnlyForDeploymentPostprocessing = 0;
		};
		D218218E219B67E900B2EB89 /* Resources */ = {
			isa = PBXResourcesBuildPhase;
			buildActionMask = 2147483647;
			files = (
			);
			runOnlyForDeploymentPostprocessing = 0;
		};
/* End PBXResourcesBuildPhase section */

/* Begin PBXShellScriptBuildPhase section */
		223D40E7FB7D3EA6CDEE69C8 /* [CP] Check Pods Manifest.lock */ = {
			isa = PBXShellScriptBuildPhase;
			buildActionMask = 2147483647;
			files = (
			);
			inputFileListPaths = (
			);
			inputPaths = (
				"${PODS_PODFILE_DIR_PATH}/Podfile.lock",
				"${PODS_ROOT}/Manifest.lock",
			);
			name = "[CP] Check Pods Manifest.lock";
			outputFileListPaths = (
			);
			outputPaths = (
				"$(DERIVED_FILE_DIR)/Pods-XkcdTests-checkManifestLockResult.txt",
			);
			runOnlyForDeploymentPostprocessing = 0;
			shellPath = /bin/sh;
			shellScript = "diff \"${PODS_PODFILE_DIR_PATH}/Podfile.lock\" \"${PODS_ROOT}/Manifest.lock\" > /dev/null\nif [ $? != 0 ] ; then\n    # print error to STDERR\n    echo \"error: The sandbox is not in sync with the Podfile.lock. Run 'pod install' or update your CocoaPods installation.\" >&2\n    exit 1\nfi\n# This output is used by Xcode 'outputs' to avoid re-running this script phase.\necho \"SUCCESS\" > \"${SCRIPT_OUTPUT_FILE_0}\"\n";
			showEnvVarsInLog = 0;
		};
		24E9A6F8BCED638CBCC851D8 /* [CP] Embed Pods Frameworks */ = {
			isa = PBXShellScriptBuildPhase;
			buildActionMask = 2147483647;
			files = (
			);
			inputFileListPaths = (
			);
			inputPaths = (
				"${PODS_ROOT}/Target Support Files/Pods-Xkcd/Pods-Xkcd-frameworks.sh",
				"${BUILT_PRODUCTS_DIR}/Anchors/Anchors.framework",
				"${BUILT_PRODUCTS_DIR}/R.swift.Library/Rswift.framework",
				"${BUILT_PRODUCTS_DIR}/SwiftHash/SwiftHash.framework",
			);
			name = "[CP] Embed Pods Frameworks";
			outputFileListPaths = (
			);
			outputPaths = (
				"${TARGET_BUILD_DIR}/${FRAMEWORKS_FOLDER_PATH}/Anchors.framework",
				"${TARGET_BUILD_DIR}/${FRAMEWORKS_FOLDER_PATH}/Rswift.framework",
				"${TARGET_BUILD_DIR}/${FRAMEWORKS_FOLDER_PATH}/SwiftHash.framework",
			);
			runOnlyForDeploymentPostprocessing = 0;
			shellPath = /bin/sh;
			shellScript = "\"${PODS_ROOT}/Target Support Files/Pods-Xkcd/Pods-Xkcd-frameworks.sh\"\n";
			showEnvVarsInLog = 0;
		};
		5F9B1089F6AD2494EDFA81F4 /* [CP] Check Pods Manifest.lock */ = {
			isa = PBXShellScriptBuildPhase;
			buildActionMask = 2147483647;
			files = (
			);
			inputFileListPaths = (
			);
			inputPaths = (
				"${PODS_PODFILE_DIR_PATH}/Podfile.lock",
				"${PODS_ROOT}/Manifest.lock",
			);
			name = "[CP] Check Pods Manifest.lock";
			outputFileListPaths = (
			);
			outputPaths = (
				"$(DERIVED_FILE_DIR)/Pods-Xkcd-checkManifestLockResult.txt",
			);
			runOnlyForDeploymentPostprocessing = 0;
			shellPath = /bin/sh;
			shellScript = "diff \"${PODS_PODFILE_DIR_PATH}/Podfile.lock\" \"${PODS_ROOT}/Manifest.lock\" > /dev/null\nif [ $? != 0 ] ; then\n    # print error to STDERR\n    echo \"error: The sandbox is not in sync with the Podfile.lock. Run 'pod install' or update your CocoaPods installation.\" >&2\n    exit 1\nfi\n# This output is used by Xcode 'outputs' to avoid re-running this script phase.\necho \"SUCCESS\" > \"${SCRIPT_OUTPUT_FILE_0}\"\n";
			showEnvVarsInLog = 0;
		};
		89D0000E2ECA533AC40FE198 /* [CP] Check Pods Manifest.lock */ = {
			isa = PBXShellScriptBuildPhase;
			buildActionMask = 2147483647;
			files = (
			);
			inputFileListPaths = (
			);
			inputPaths = (
				"${PODS_PODFILE_DIR_PATH}/Podfile.lock",
				"${PODS_ROOT}/Manifest.lock",
			);
			name = "[CP] Check Pods Manifest.lock";
			outputFileListPaths = (
			);
			outputPaths = (
				"$(DERIVED_FILE_DIR)/Pods-XkcdUITests-checkManifestLockResult.txt",
			);
			runOnlyForDeploymentPostprocessing = 0;
			shellPath = /bin/sh;
			shellScript = "diff \"${PODS_PODFILE_DIR_PATH}/Podfile.lock\" \"${PODS_ROOT}/Manifest.lock\" > /dev/null\nif [ $? != 0 ] ; then\n    # print error to STDERR\n    echo \"error: The sandbox is not in sync with the Podfile.lock. Run 'pod install' or update your CocoaPods installation.\" >&2\n    exit 1\nfi\n# This output is used by Xcode 'outputs' to avoid re-running this script phase.\necho \"SUCCESS\" > \"${SCRIPT_OUTPUT_FILE_0}\"\n";
			showEnvVarsInLog = 0;
		};
		D21821C8219B6DF300B2EB89 /* SwiftLint */ = {
			isa = PBXShellScriptBuildPhase;
			buildActionMask = 2147483647;
			files = (
			);
			inputFileListPaths = (
			);
			inputPaths = (
			);
			name = SwiftLint;
			outputFileListPaths = (
			);
			outputPaths = (
			);
			runOnlyForDeploymentPostprocessing = 0;
			shellPath = /bin/sh;
			shellScript = "${PODS_ROOT}/SwiftLint/swiftlint\n";
		};
		D21821CB219B6FE600B2EB89 /* R.swift */ = {
			isa = PBXShellScriptBuildPhase;
			buildActionMask = 2147483647;
			files = (
			);
			inputFileListPaths = (
			);
			inputPaths = (
			);
			name = R.swift;
			outputFileListPaths = (
			);
			outputPaths = (
			);
			runOnlyForDeploymentPostprocessing = 0;
			shellPath = /bin/sh;
			shellScript = "\"$PODS_ROOT/R.swift/rswift\" generate \"$SRCROOT/Source/Library/Constants\"\n";
		};
/* End PBXShellScriptBuildPhase section */

/* Begin PBXSourcesBuildPhase section */
		D218216D219B67E700B2EB89 /* Sources */ = {
			isa = PBXSourcesBuildPhase;
			buildActionMask = 2147483647;
			files = (
				D21821BE219B6A9400B2EB89 /* MainController.swift in Sources */,
				D21821DB219B75F700B2EB89 /* Adapter.swift in Sources */,
				D21821DD219B79CD00B2EB89 /* ComicCell.swift in Sources */,
				D21821E7219B7AAD00B2EB89 /* Networking.swift in Sources */,
				D21821E5219B7AA600B2EB89 /* Resource.swift in Sources */,
				D236FC82219CCC94007436F3 /* Object+Then.swift in Sources */,
				D21821E9219B7C4900B2EB89 /* NetworkService.swift in Sources */,
				D21821BC219B6A8500B2EB89 /* AppFlowController.swift in Sources */,
				D236FC84219CD1D2007436F3 /* View+Extensions.swift in Sources */,
				D236FC8E219CDB9D007436F3 /* ImageView+Extensions.swift in Sources */,
				D236FC80219CC7A7007436F3 /* Either.swift in Sources */,
				D236FC86219CD90B007436F3 /* CacheService.swift in Sources */,
				D21821EC219B7CD500B2EB89 /* Comic.swift in Sources */,
				D21821B2219B688F00B2EB89 /* ViewController.swift in Sources */,
				D21821CE219B705400B2EB89 /* R.generated.swift in Sources */,
				D21821D8219B75C600B2EB89 /* CollectionView+Extensions.swift in Sources */,
				D21821C0219B6AA500B2EB89 /* DetailController.swift in Sources */,
				D21821EE219B7EAC00B2EB89 /* Data+Extensions.swift in Sources */,
				D2182201219B892400B2EB89 /* Debouncer.swift in Sources */,
				D21821D4219B72E000B2EB89 /* FavoriteController.swift in Sources */,
				D21821E2219B7A3000B2EB89 /* ComicService.swift in Sources */,
				D236FC8F219CDBB2007436F3 /* ImageService.swift in Sources */,
				D21821B1219B688F00B2EB89 /* AppDelegate.swift in Sources */,
				D21821C2219B6AAC00B2EB89 /* ListController.swift in Sources */,
				D21821D1219B729200B2EB89 /* ComicsContoller.swift in Sources */,
				D21821C5219B6ACD00B2EB89 /* ViewController+Extensions.swift in Sources */,
			);
			runOnlyForDeploymentPostprocessing = 0;
		};
		D2182181219B67E900B2EB89 /* Sources */ = {
			isa = PBXSourcesBuildPhase;
			buildActionMask = 2147483647;
			files = (
				D21821F3219B826200B2EB89 /* NetworkServiceMock.swift in Sources */,
				D2182204219B894D00B2EB89 /* DebouncerTests.swift in Sources */,
				D218218A219B67E900B2EB89 /* XkcdTests.swift in Sources */,
				D21821FB219B83B800B2EB89 /* ComicServiceTests.swift in Sources */,
			);
			runOnlyForDeploymentPostprocessing = 0;
		};
		D218218C219B67E900B2EB89 /* Sources */ = {
			isa = PBXSourcesBuildPhase;
			buildActionMask = 2147483647;
			files = (
				D236FC88219CD99A007436F3 /* CacheServiceTests.swift in Sources */,
				D2182195219B67E900B2EB89 /* XkcdUITests.swift in Sources */,
			);
			runOnlyForDeploymentPostprocessing = 0;
		};
/* End PBXSourcesBuildPhase section */

/* Begin PBXTargetDependency section */
		D2182187219B67E900B2EB89 /* PBXTargetDependency */ = {
			isa = PBXTargetDependency;
			target = D2182170219B67E700B2EB89 /* Xkcd */;
			targetProxy = D2182186219B67E900B2EB89 /* PBXContainerItemProxy */;
		};
		D2182192219B67E900B2EB89 /* PBXTargetDependency */ = {
			isa = PBXTargetDependency;
			target = D2182170219B67E700B2EB89 /* Xkcd */;
			targetProxy = D2182191219B67E900B2EB89 /* PBXContainerItemProxy */;
		};
/* End PBXTargetDependency section */

/* Begin PBXVariantGroup section */
		D21821A5219B687E00B2EB89 /* LaunchScreen.storyboard */ = {
			isa = PBXVariantGroup;
			children = (
				D21821A6219B687E00B2EB89 /* Base */,
			);
			name = LaunchScreen.storyboard;
			sourceTree = "<group>";
		};
/* End PBXVariantGroup section */

/* Begin XCBuildConfiguration section */
		D2182197219B67E900B2EB89 /* Debug */ = {
			isa = XCBuildConfiguration;
			buildSettings = {
				ALWAYS_SEARCH_USER_PATHS = NO;
				CLANG_ANALYZER_NONNULL = YES;
				CLANG_ANALYZER_NUMBER_OBJECT_CONVERSION = YES_AGGRESSIVE;
				CLANG_CXX_LANGUAGE_STANDARD = "gnu++14";
				CLANG_CXX_LIBRARY = "libc++";
				CLANG_ENABLE_MODULES = YES;
				CLANG_ENABLE_OBJC_ARC = YES;
				CLANG_ENABLE_OBJC_WEAK = YES;
				CLANG_WARN_BLOCK_CAPTURE_AUTORELEASING = YES;
				CLANG_WARN_BOOL_CONVERSION = YES;
				CLANG_WARN_COMMA = YES;
				CLANG_WARN_CONSTANT_CONVERSION = YES;
				CLANG_WARN_DEPRECATED_OBJC_IMPLEMENTATIONS = YES;
				CLANG_WARN_DIRECT_OBJC_ISA_USAGE = YES_ERROR;
				CLANG_WARN_DOCUMENTATION_COMMENTS = YES;
				CLANG_WARN_EMPTY_BODY = YES;
				CLANG_WARN_ENUM_CONVERSION = YES;
				CLANG_WARN_INFINITE_RECURSION = YES;
				CLANG_WARN_INT_CONVERSION = YES;
				CLANG_WARN_NON_LITERAL_NULL_CONVERSION = YES;
				CLANG_WARN_OBJC_IMPLICIT_RETAIN_SELF = YES;
				CLANG_WARN_OBJC_LITERAL_CONVERSION = YES;
				CLANG_WARN_OBJC_ROOT_CLASS = YES_ERROR;
				CLANG_WARN_RANGE_LOOP_ANALYSIS = YES;
				CLANG_WARN_STRICT_PROTOTYPES = YES;
				CLANG_WARN_SUSPICIOUS_MOVE = YES;
				CLANG_WARN_UNGUARDED_AVAILABILITY = YES_AGGRESSIVE;
				CLANG_WARN_UNREACHABLE_CODE = YES;
				CLANG_WARN__DUPLICATE_METHOD_MATCH = YES;
				CODE_SIGN_IDENTITY = "iPhone Developer";
				COPY_PHASE_STRIP = NO;
				DEBUG_INFORMATION_FORMAT = dwarf;
				ENABLE_STRICT_OBJC_MSGSEND = YES;
				ENABLE_TESTABILITY = YES;
				GCC_C_LANGUAGE_STANDARD = gnu11;
				GCC_DYNAMIC_NO_PIC = NO;
				GCC_NO_COMMON_BLOCKS = YES;
				GCC_OPTIMIZATION_LEVEL = 0;
				GCC_PREPROCESSOR_DEFINITIONS = (
					"DEBUG=1",
					"$(inherited)",
				);
				GCC_WARN_64_TO_32_BIT_CONVERSION = YES;
				GCC_WARN_ABOUT_RETURN_TYPE = YES_ERROR;
				GCC_WARN_UNDECLARED_SELECTOR = YES;
				GCC_WARN_UNINITIALIZED_AUTOS = YES_AGGRESSIVE;
				GCC_WARN_UNUSED_FUNCTION = YES;
				GCC_WARN_UNUSED_VARIABLE = YES;
				IPHONEOS_DEPLOYMENT_TARGET = 11.0;
				MTL_ENABLE_DEBUG_INFO = INCLUDE_SOURCE;
				MTL_FAST_MATH = YES;
				ONLY_ACTIVE_ARCH = YES;
				SDKROOT = iphoneos;
				SWIFT_ACTIVE_COMPILATION_CONDITIONS = DEBUG;
				SWIFT_OPTIMIZATION_LEVEL = "-Onone";
				SWIFT_VERSION = 4.2;
			};
			name = Debug;
		};
		D2182198219B67E900B2EB89 /* Release */ = {
			isa = XCBuildConfiguration;
			buildSettings = {
				ALWAYS_SEARCH_USER_PATHS = NO;
				CLANG_ANALYZER_NONNULL = YES;
				CLANG_ANALYZER_NUMBER_OBJECT_CONVERSION = YES_AGGRESSIVE;
				CLANG_CXX_LANGUAGE_STANDARD = "gnu++14";
				CLANG_CXX_LIBRARY = "libc++";
				CLANG_ENABLE_MODULES = YES;
				CLANG_ENABLE_OBJC_ARC = YES;
				CLANG_ENABLE_OBJC_WEAK = YES;
				CLANG_WARN_BLOCK_CAPTURE_AUTORELEASING = YES;
				CLANG_WARN_BOOL_CONVERSION = YES;
				CLANG_WARN_COMMA = YES;
				CLANG_WARN_CONSTANT_CONVERSION = YES;
				CLANG_WARN_DEPRECATED_OBJC_IMPLEMENTATIONS = YES;
				CLANG_WARN_DIRECT_OBJC_ISA_USAGE = YES_ERROR;
				CLANG_WARN_DOCUMENTATION_COMMENTS = YES;
				CLANG_WARN_EMPTY_BODY = YES;
				CLANG_WARN_ENUM_CONVERSION = YES;
				CLANG_WARN_INFINITE_RECURSION = YES;
				CLANG_WARN_INT_CONVERSION = YES;
				CLANG_WARN_NON_LITERAL_NULL_CONVERSION = YES;
				CLANG_WARN_OBJC_IMPLICIT_RETAIN_SELF = YES;
				CLANG_WARN_OBJC_LITERAL_CONVERSION = YES;
				CLANG_WARN_OBJC_ROOT_CLASS = YES_ERROR;
				CLANG_WARN_RANGE_LOOP_ANALYSIS = YES;
				CLANG_WARN_STRICT_PROTOTYPES = YES;
				CLANG_WARN_SUSPICIOUS_MOVE = YES;
				CLANG_WARN_UNGUARDED_AVAILABILITY = YES_AGGRESSIVE;
				CLANG_WARN_UNREACHABLE_CODE = YES;
				CLANG_WARN__DUPLICATE_METHOD_MATCH = YES;
				CODE_SIGN_IDENTITY = "iPhone Developer";
				COPY_PHASE_STRIP = NO;
				DEBUG_INFORMATION_FORMAT = "dwarf-with-dsym";
				ENABLE_NS_ASSERTIONS = NO;
				ENABLE_STRICT_OBJC_MSGSEND = YES;
				GCC_C_LANGUAGE_STANDARD = gnu11;
				GCC_NO_COMMON_BLOCKS = YES;
				GCC_WARN_64_TO_32_BIT_CONVERSION = YES;
				GCC_WARN_ABOUT_RETURN_TYPE = YES_ERROR;
				GCC_WARN_UNDECLARED_SELECTOR = YES;
				GCC_WARN_UNINITIALIZED_AUTOS = YES_AGGRESSIVE;
				GCC_WARN_UNUSED_FUNCTION = YES;
				GCC_WARN_UNUSED_VARIABLE = YES;
				IPHONEOS_DEPLOYMENT_TARGET = 11.0;
				MTL_ENABLE_DEBUG_INFO = NO;
				MTL_FAST_MATH = YES;
				SDKROOT = iphoneos;
				SWIFT_COMPILATION_MODE = wholemodule;
				SWIFT_OPTIMIZATION_LEVEL = "-O";
				SWIFT_VERSION = 4.2;
				VALIDATE_PRODUCT = YES;
			};
			name = Release;
		};
		D218219A219B67E900B2EB89 /* Debug */ = {
			isa = XCBuildConfiguration;
			baseConfigurationReference = CE04CBD31F72FD3F19288022 /* Pods-Xkcd.debug.xcconfig */;
			buildSettings = {
				ASSETCATALOG_COMPILER_APPICON_NAME = AppIcon;
				CLANG_ENABLE_MODULES = YES;
				CODE_SIGN_STYLE = Automatic;
				INFOPLIST_FILE = "$(SRCROOT)/Resource/Info.plist";
				IPHONEOS_DEPLOYMENT_TARGET = 11.0;
				LD_RUNPATH_SEARCH_PATHS = (
					"$(inherited)",
					"@executable_path/Frameworks",
				);
				PRODUCT_BUNDLE_IDENTIFIER = com.onmyway133.Xkcd;
				PRODUCT_NAME = "$(TARGET_NAME)";
				SWIFT_OPTIMIZATION_LEVEL = "-Onone";
				TARGETED_DEVICE_FAMILY = "1,2";
			};
			name = Debug;
		};
		D218219B219B67E900B2EB89 /* Release */ = {
			isa = XCBuildConfiguration;
			baseConfigurationReference = F54FFF8E7322330B7E6C7252 /* Pods-Xkcd.release.xcconfig */;
			buildSettings = {
				ASSETCATALOG_COMPILER_APPICON_NAME = AppIcon;
				CLANG_ENABLE_MODULES = YES;
				CODE_SIGN_STYLE = Automatic;
				INFOPLIST_FILE = "$(SRCROOT)/Resource/Info.plist";
				IPHONEOS_DEPLOYMENT_TARGET = 11.0;
				LD_RUNPATH_SEARCH_PATHS = (
					"$(inherited)",
					"@executable_path/Frameworks",
				);
				PRODUCT_BUNDLE_IDENTIFIER = com.onmyway133.Xkcd;
				PRODUCT_NAME = "$(TARGET_NAME)";
				TARGETED_DEVICE_FAMILY = "1,2";
			};
			name = Release;
		};
		D218219D219B67E900B2EB89 /* Debug */ = {
			isa = XCBuildConfiguration;
			baseConfigurationReference = F30EE5C70FF60D7BB2160C98 /* Pods-XkcdTests.debug.xcconfig */;
			buildSettings = {
				ALWAYS_EMBED_SWIFT_STANDARD_LIBRARIES = YES;
				BUNDLE_LOADER = "$(TEST_HOST)";
				CODE_SIGN_STYLE = Automatic;
				INFOPLIST_FILE = XkcdTests/Info.plist;
				LD_RUNPATH_SEARCH_PATHS = (
					"$(inherited)",
					"@executable_path/Frameworks",
					"@loader_path/Frameworks",
				);
				PRODUCT_BUNDLE_IDENTIFIER = com.onmyway133.XkcdTests;
				PRODUCT_NAME = "$(TARGET_NAME)";
				TARGETED_DEVICE_FAMILY = "1,2";
				TEST_HOST = "$(BUILT_PRODUCTS_DIR)/Xkcd.app/Xkcd";
			};
			name = Debug;
		};
		D218219E219B67E900B2EB89 /* Release */ = {
			isa = XCBuildConfiguration;
			baseConfigurationReference = 1724B3DD9F4C212CA6C9EDD2 /* Pods-XkcdTests.release.xcconfig */;
			buildSettings = {
				ALWAYS_EMBED_SWIFT_STANDARD_LIBRARIES = YES;
				BUNDLE_LOADER = "$(TEST_HOST)";
				CODE_SIGN_STYLE = Automatic;
				INFOPLIST_FILE = XkcdTests/Info.plist;
				LD_RUNPATH_SEARCH_PATHS = (
					"$(inherited)",
					"@executable_path/Frameworks",
					"@loader_path/Frameworks",
				);
				PRODUCT_BUNDLE_IDENTIFIER = com.onmyway133.XkcdTests;
				PRODUCT_NAME = "$(TARGET_NAME)";
				TARGETED_DEVICE_FAMILY = "1,2";
				TEST_HOST = "$(BUILT_PRODUCTS_DIR)/Xkcd.app/Xkcd";
			};
			name = Release;
		};
		D21821A0219B67E900B2EB89 /* Debug */ = {
			isa = XCBuildConfiguration;
			baseConfigurationReference = 02F46732C4F2E5A9C0C4FC49 /* Pods-XkcdUITests.debug.xcconfig */;
			buildSettings = {
				ALWAYS_EMBED_SWIFT_STANDARD_LIBRARIES = YES;
				CODE_SIGN_STYLE = Automatic;
				INFOPLIST_FILE = XkcdUITests/Info.plist;
				LD_RUNPATH_SEARCH_PATHS = (
					"$(inherited)",
					"@executable_path/Frameworks",
					"@loader_path/Frameworks",
				);
				PRODUCT_BUNDLE_IDENTIFIER = com.onmyway133.XkcdUITests;
				PRODUCT_NAME = "$(TARGET_NAME)";
				TARGETED_DEVICE_FAMILY = "1,2";
				TEST_TARGET_NAME = Xkcd;
			};
			name = Debug;
		};
		D21821A1219B67E900B2EB89 /* Release */ = {
			isa = XCBuildConfiguration;
			baseConfigurationReference = B1E5E4A27B21808D7A099C49 /* Pods-XkcdUITests.release.xcconfig */;
			buildSettings = {
				ALWAYS_EMBED_SWIFT_STANDARD_LIBRARIES = YES;
				CODE_SIGN_STYLE = Automatic;
				INFOPLIST_FILE = XkcdUITests/Info.plist;
				LD_RUNPATH_SEARCH_PATHS = (
					"$(inherited)",
					"@executable_path/Frameworks",
					"@loader_path/Frameworks",
				);
				PRODUCT_BUNDLE_IDENTIFIER = com.onmyway133.XkcdUITests;
				PRODUCT_NAME = "$(TARGET_NAME)";
				TARGETED_DEVICE_FAMILY = "1,2";
				TEST_TARGET_NAME = Xkcd;
			};
			name = Release;
		};
/* End XCBuildConfiguration section */

/* Begin XCConfigurationList section */
		D218216C219B67E700B2EB89 /* Build configuration list for PBXProject "Xkcd" */ = {
			isa = XCConfigurationList;
			buildConfigurations = (
				D2182197219B67E900B2EB89 /* Debug */,
				D2182198219B67E900B2EB89 /* Release */,
			);
			defaultConfigurationIsVisible = 0;
			defaultConfigurationName = Release;
		};
		D2182199219B67E900B2EB89 /* Build configuration list for PBXNativeTarget "Xkcd" */ = {
			isa = XCConfigurationList;
			buildConfigurations = (
				D218219A219B67E900B2EB89 /* Debug */,
				D218219B219B67E900B2EB89 /* Release */,
			);
			defaultConfigurationIsVisible = 0;
			defaultConfigurationName = Release;
		};
		D218219C219B67E900B2EB89 /* Build configuration list for PBXNativeTarget "XkcdTests" */ = {
			isa = XCConfigurationList;
			buildConfigurations = (
				D218219D219B67E900B2EB89 /* Debug */,
				D218219E219B67E900B2EB89 /* Release */,
			);
			defaultConfigurationIsVisible = 0;
			defaultConfigurationName = Release;
		};
		D218219F219B67E900B2EB89 /* Build configuration list for PBXNativeTarget "XkcdUITests" */ = {
			isa = XCConfigurationList;
			buildConfigurations = (
				D21821A0219B67E900B2EB89 /* Debug */,
				D21821A1219B67E900B2EB89 /* Release */,
			);
			defaultConfigurationIsVisible = 0;
			defaultConfigurationName = Release;
		};
/* End XCConfigurationList section */
	};
	rootObject = D2182169219B67E700B2EB89 /* Project object */;
}
